
Microsoft Visual Studio Solution File, Format Version 12.00
# Visual Studio Version 17
VisualStudioVersion = 17.6.33815.320
MinimumVisualStudioVersion = 10.0.40219.1
Project("{FAE04EC0-301F-11D3-BF4B-00C04F79EFBC}") = "EmployeeWageComputationNew", "EmployeeWageComputationNew\EmployeeWageComputationNew.csproj", "{04E0DE70-5A65-4D0B-9AE1-93B2D256548F}"
EndProject
Global
	GlobalSection(SolutionConfigurationPlatforms) = preSolution
		Debug|Any CPU = Debug|Any CPU
		Release|Any CPU = Release|Any CPU
	EndGlobalSection
	GlobalSection(ProjectConfigurationPlatforms) = postSolution
		{04E0DE70-5A65-4D0B-9AE1-93B2D256548F}.Debug|Any CPU.ActiveCfg = Debug|Any CPU
		{04E0DE70-5A65-4D0B-9AE1-93B2D256548F}.Debug|Any CPU.Build.0 = Debug|Any CPU
		{04E0DE70-5A65-4D0B-9AE1-93B2D256548F}.Release|Any CPU.ActiveCfg = Release|Any CPU
		{04E0DE70-5A65-4D0B-9AE1-93B2D256548F}.Release|Any CPU.Build.0 = Release|Any CPU
	EndGlobalSection
	GlobalSection(SolutionProperties) = preSolution
		HideSolutionNode = FALSE
	EndGlobalSection
	GlobalSection(ExtensibilityGlobals) = postSolution
		SolutionGuid = {6E0B23AB-7142-4A03-90CF-FFD46E851F7B}
	EndGlobalSection
EndGlobal
